
Microsoft Visual Studio Solution File, Format Version 12.00
# Visual Studio Version 17
VisualStudioVersion = 17.14.37027.9 d17.14
MinimumVisualStudioVersion = 10.0.40219.1
Project("{FAE04EC0-301F-11D3-BF4B-00C04F79EFBC}") = "SmartCommerce.API", "SmartCommerce.API\SmartCommerce.API.csproj", "{974FFB39-6EBF-47D9-B9E5-C98C94493782}"
EndProject
Project("{FAE04EC0-301F-11D3-BF4B-00C04F79EFBC}") = "SmartCommerce.Application", "SmartCommerce.Application\SmartCommerce.Application.csproj", "{8126401C-D036-4238-A513-7BA55FC56237}"
EndProject
Project("{FAE04EC0-301F-11D3-BF4B-00C04F79EFBC}") = "SmartCommerce.Infrastructure", "SmartCommerce.Infrastructure\SmartCommerce.Infrastructure.csproj", "{23124E03-E807-43AE-9EA4-7407C4F1F552}"
EndProject
Project("{FAE04EC0-301F-11D3-BF4B-00C04F79EFBC}") = "SmartCommerce.Domain", "SmartCommerce.Domain\SmartCommerce.Domain.csproj", "{10F4F38F-BA26-47B7-ADFC-254EE04EE93F}"
EndProject
Global
	GlobalSection(SolutionConfigurationPlatforms) = preSolution
		Debug|Any CPU = Debug|Any CPU
		Release|Any CPU = Release|Any CPU
	EndGlobalSection
	GlobalSection(ProjectConfigurationPlatforms) = postSolution
		{974FFB39-6EBF-47D9-B9E5-C98C94493782}.Debug|Any CPU.ActiveCfg = Debug|Any CPU
		{974FFB39-6EBF-47D9-B9E5-C98C94493782}.Debug|Any CPU.Build.0 = Debug|Any CPU
		{974FFB39-6EBF-47D9-B9E5-C98C94493782}.Release|Any CPU.ActiveCfg = Release|Any CPU
		{974FFB39-6EBF-47D9-B9E5-C98C94493782}.Release|Any CPU.Build.0 = Release|Any CPU
		{8126401C-D036-4238-A513-7BA55FC56237}.Debug|Any CPU.ActiveCfg = Debug|Any CPU
		{8126401C-D036-4238-A513-7BA55FC56237}.Debug|Any CPU.Build.0 = Debug|Any CPU
		{8126401C-D036-4238-A513-7BA55FC56237}.Release|Any CPU.ActiveCfg = Release|Any CPU
		{8126401C-D036-4238-A513-7BA55FC56237}.Release|Any CPU.Build.0 = Release|Any CPU
		{23124E03-E807-43AE-9EA4-7407C4F1F552}.Debug|Any CPU.ActiveCfg = Debug|Any CPU
		{23124E03-E807-43AE-9EA4-7407C4F1F552}.Debug|Any CPU.Build.0 = Debug|Any CPU
		{23124E03-E807-43AE-9EA4-7407C4F1F552}.Release|Any CPU.ActiveCfg = Release|Any CPU
		{23124E03-E807-43AE-9EA4-7407C4F1F552}.Release|Any CPU.Build.0 = Release|Any CPU
		{10F4F38F-BA26-47B7-ADFC-254EE04EE93F}.Debug|Any CPU.ActiveCfg = Debug|Any CPU
		{10F4F38F-BA26-47B7-ADFC-254EE04EE93F}.Debug|Any CPU.Build.0 = Debug|Any CPU
		{10F4F38F-BA26-47B7-ADFC-254EE04EE93F}.Release|Any CPU.ActiveCfg = Release|Any CPU
		{10F4F38F-BA26-47B7-ADFC-254EE04EE93F}.Release|Any CPU.Build.0 = Release|Any CPU
	EndGlobalSection
	GlobalSection(SolutionProperties) = preSolution
		HideSolutionNode = FALSE
	EndGlobalSection
	GlobalSection(ExtensibilityGlobals) = postSolution
		SolutionGuid = {08F0D819-74B3-4E82-BB5A-C05A63ACBF99}
	EndGlobalSection
EndGlobal
