
Microsoft Visual Studio Solution File, Format Version 12.00
# Visual Studio Version 17
VisualStudioVersion = 17.14.37027.9 d17.14
MinimumVisualStudioVersion = 10.0.40219.1
Project("{FAE04EC0-301F-11D3-BF4B-00C04F79EFBC}") = "JokesApp", "JokesApp\JokesApp.csproj", "{891C9DAC-E041-4D42-AA41-93DA414A08EE}"
EndProject
Global
	GlobalSection(SolutionConfigurationPlatforms) = preSolution
		Debug|Any CPU = Debug|Any CPU
		Release|Any CPU = Release|Any CPU
	EndGlobalSection
	GlobalSection(ProjectConfigurationPlatforms) = postSolution
		{891C9DAC-E041-4D42-AA41-93DA414A08EE}.Debug|Any CPU.ActiveCfg = Debug|Any CPU
		{891C9DAC-E041-4D42-AA41-93DA414A08EE}.Debug|Any CPU.Build.0 = Debug|Any CPU
		{891C9DAC-E041-4D42-AA41-93DA414A08EE}.Release|Any CPU.ActiveCfg = Release|Any CPU
		{891C9DAC-E041-4D42-AA41-93DA414A08EE}.Release|Any CPU.Build.0 = Release|Any CPU
	EndGlobalSection
	GlobalSection(SolutionProperties) = preSolution
		HideSolutionNode = FALSE
	EndGlobalSection
	GlobalSection(ExtensibilityGlobals) = postSolution
		SolutionGuid = {3BAB3DA9-414F-42E5-9DD7-2D4DC620D74C}
	EndGlobalSection
EndGlobal
